// !$*UTF8*$!
{
	archiveVersion = 1;
	classes = {
	};
	objectVersion = 56;
	objects = {

/* Begin PBXBuildFile section */
		B0448308293475B600625078 /* AppDelegate.swift in Sources */ = {isa = PBXBuildFile; fileRef = B0448307293475B600625078 /* AppDelegate.swift */; };
		B044830A293475B600625078 /* SceneDelegate.swift in Sources */ = {isa = PBXBuildFile; fileRef = B0448309293475B600625078 /* SceneDelegate.swift */; };
		B044830C293475B600625078 /* HomeController.swift in Sources */ = {isa = PBXBuildFile; fileRef = B044830B293475B600625078 /* HomeController.swift */; };
		B044830F293475B600625078 /* Main.storyboard in Resources */ = {isa = PBXBuildFile; fileRef = B044830D293475B600625078 /* Main.storyboard */; };
		B0448311293475B900625078 /* Assets.xcassets in Resources */ = {isa = PBXBuildFile; fileRef = B0448310293475B900625078 /* Assets.xcassets */; };
		B0448314293475B900625078 /* LaunchScreen.storyboard in Resources */ = {isa = PBXBuildFile; fileRef = B0448312293475B900625078 /* LaunchScreen.storyboard */; };
		B044831F293475BA00625078 /* MuralTests.swift in Sources */ = {isa = PBXBuildFile; fileRef = B044831E293475BA00625078 /* MuralTests.swift */; };
		B0448329293475BA00625078 /* MuralUITests.swift in Sources */ = {isa = PBXBuildFile; fileRef = B0448328293475BA00625078 /* MuralUITests.swift */; };
		B044832B293475BA00625078 /* MuralUITestsLaunchTests.swift in Sources */ = {isa = PBXBuildFile; fileRef = B044832A293475BA00625078 /* MuralUITestsLaunchTests.swift */; };
		B04483382934991500625078 /* DrawingController.swift in Sources */ = {isa = PBXBuildFile; fileRef = B04483372934991500625078 /* DrawingController.swift */; };
		B044833A29349D5A00625078 /* GalleryController.swift in Sources */ = {isa = PBXBuildFile; fileRef = B044833929349D5A00625078 /* GalleryController.swift */; };
		B044833C29349F4900625078 /* ScreenPreviewView.swift in Sources */ = {isa = PBXBuildFile; fileRef = B044833B29349F4900625078 /* ScreenPreviewView.swift */; };
		B044833E2934A1E900625078 /* UPCarouselFlowLayout.swift in Sources */ = {isa = PBXBuildFile; fileRef = B044833D2934A1E900625078 /* UPCarouselFlowLayout.swift */; };
		B04483402934A8C400625078 /* TabController.swift in Sources */ = {isa = PBXBuildFile; fileRef = B044833F2934A8C400625078 /* TabController.swift */; };
		B04483432934ABA900625078 /* Screen Shot 2022-11-28 at 12.39.03 AM.png in Resources */ = {isa = PBXBuildFile; fileRef = B04483422934ABA900625078 /* Screen Shot 2022-11-28 at 12.39.03 AM.png */; };
/* End PBXBuildFile section */

/* Begin PBXContainerItemProxy section */
		B044831B293475BA00625078 /* PBXContainerItemProxy */ = {
			isa = PBXContainerItemProxy;
			containerPortal = B04482FC293475B600625078 /* Project object */;
			proxyType = 1;
			remoteGlobalIDString = B0448303293475B600625078;
			remoteInfo = Mural;
		};
		B0448325293475BA00625078 /* PBXContainerItemProxy */ = {
			isa = PBXContainerItemProxy;
			containerPortal = B04482FC293475B600625078 /* Project object */;
			proxyType = 1;
			remoteGlobalIDString = B0448303293475B600625078;
			remoteInfo = Mural;
		};
/* End PBXContainerItemProxy section */

/* Begin PBXFileReference section */
		B0448304293475B600625078 /* Mural.app */ = {isa = PBXFileReference; explicitFileType = wrapper.application; includeInIndex = 0; path = Mural.app; sourceTree = BUILT_PRODUCTS_DIR; };
		B0448307293475B600625078 /* AppDelegate.swift */ = {isa = PBXFileReference; lastKnownFileType = sourcecode.swift; path = AppDelegate.swift; sourceTree = "<group>"; };
		B0448309293475B600625078 /* SceneDelegate.swift */ = {isa = PBXFileReference; lastKnownFileType = sourcecode.swift; path = SceneDelegate.swift; sourceTree = "<group>"; };
		B044830B293475B600625078 /* HomeController.swift */ = {isa = PBXFileReference; lastKnownFileType = sourcecode.swift; path = HomeController.swift; sourceTree = "<group>"; };
		B044830E293475B600625078 /* Base */ = {isa = PBXFileReference; lastKnownFileType = file.storyboard; name = Base; path = Base.lproj/Main.storyboard; sourceTree = "<group>"; };
		B0448310293475B900625078 /* Assets.xcassets */ = {isa = PBXFileReference; lastKnownFileType = folder.assetcatalog; path = Assets.xcassets; sourceTree = "<group>"; };
		B0448313293475B900625078 /* Base */ = {isa = PBXFileReference; lastKnownFileType = file.storyboard; name = Base; path = Base.lproj/LaunchScreen.storyboard; sourceTree = "<group>"; };
		B0448315293475B900625078 /* Info.plist */ = {isa = PBXFileReference; lastKnownFileType = text.plist.xml; path = Info.plist; sourceTree = "<group>"; };
		B044831A293475BA00625078 /* MuralTests.xctest */ = {isa = PBXFileReference; explicitFileType = wrapper.cfbundle; includeInIndex = 0; path = MuralTests.xctest; sourceTree = BUILT_PRODUCTS_DIR; };
		B044831E293475BA00625078 /* MuralTests.swift */ = {isa = PBXFileReference; lastKnownFileType = sourcecode.swift; path = MuralTests.swift; sourceTree = "<group>"; };
		B0448324293475BA00625078 /* MuralUITests.xctest */ = {isa = PBXFileReference; explicitFileType = wrapper.cfbundle; includeInIndex = 0; path = MuralUITests.xctest; sourceTree = BUILT_PRODUCTS_DIR; };
		B0448328293475BA00625078 /* MuralUITests.swift */ = {isa = PBXFileReference; lastKnownFileType = sourcecode.swift; path = MuralUITests.swift; sourceTree = "<group>"; };
		B044832A293475BA00625078 /* MuralUITestsLaunchTests.swift */ = {isa = PBXFileReference; lastKnownFileType = sourcecode.swift; path = MuralUITestsLaunchTests.swift; sourceTree = "<group>"; };
		B04483372934991500625078 /* DrawingController.swift */ = {isa = PBXFileReference; lastKnownFileType = sourcecode.swift; path = DrawingController.swift; sourceTree = "<group>"; };
		B044833929349D5A00625078 /* GalleryController.swift */ = {isa = PBXFileReference; lastKnownFileType = sourcecode.swift; path = GalleryController.swift; sourceTree = "<group>"; };
		B044833B29349F4900625078 /* ScreenPreviewView.swift */ = {isa = PBXFileReference; lastKnownFileType = sourcecode.swift; path = ScreenPreviewView.swift; sourceTree = "<group>"; };
		B044833D2934A1E900625078 /* UPCarouselFlowLayout.swift */ = {isa = PBXFileReference; lastKnownFileType = sourcecode.swift; path = UPCarouselFlowLayout.swift; sourceTree = "<group>"; };
		B044833F2934A8C400625078 /* TabController.swift */ = {isa = PBXFileReference; lastKnownFileType = sourcecode.swift; path = TabController.swift; sourceTree = "<group>"; };
		B04483422934ABA900625078 /* Screen Shot 2022-11-28 at 12.39.03 AM.png */ = {isa = PBXFileReference; lastKnownFileType = image.png; name = "Screen Shot 2022-11-28 at 12.39.03 AM.png"; path = "../../../../Screen Shot 2022-11-28 at 12.39.03 AM.png"; sourceTree = "<group>"; };
/* End PBXFileReference section */

/* Begin PBXFrameworksBuildPhase section */
		B0448301293475B600625078 /* Frameworks */ = {
			isa = PBXFrameworksBuildPhase;
			buildActionMask = 2147483647;
			files = (
			);
			runOnlyForDeploymentPostprocessing = 0;
		};
		B0448317293475BA00625078 /* Frameworks */ = {
			isa = PBXFrameworksBuildPhase;
			buildActionMask = 2147483647;
			files = (
			);
			runOnlyForDeploymentPostprocessing = 0;
		};
		B0448321293475BA00625078 /* Frameworks */ = {
			isa = PBXFrameworksBuildPhase;
			buildActionMask = 2147483647;
			files = (
			);
			runOnlyForDeploymentPostprocessing = 0;
		};
/* End PBXFrameworksBuildPhase section */

/* Begin PBXGroup section */
		B04482FB293475B600625078 = {
			isa = PBXGroup;
			children = (
				B0448306293475B600625078 /* Mural */,
				B044831D293475BA00625078 /* MuralTests */,
				B0448327293475BA00625078 /* MuralUITests */,
				B0448305293475B600625078 /* Products */,
			);
			sourceTree = "<group>";
		};
		B0448305293475B600625078 /* Products */ = {
			isa = PBXGroup;
			children = (
				B0448304293475B600625078 /* Mural.app */,
				B044831A293475BA00625078 /* MuralTests.xctest */,
				B0448324293475BA00625078 /* MuralUITests.xctest */,
			);
			name = Products;
			sourceTree = "<group>";
		};
		B0448306293475B600625078 /* Mural */ = {
			isa = PBXGroup;
			children = (
				B04483412934AB8F00625078 /* Assets */,
				B0448307293475B600625078 /* AppDelegate.swift */,
				B0448309293475B600625078 /* SceneDelegate.swift */,
				B044833B29349F4900625078 /* ScreenPreviewView.swift */,
				B044830B293475B600625078 /* HomeController.swift */,
				B04483372934991500625078 /* DrawingController.swift */,
				B044830D293475B600625078 /* Main.storyboard */,
				B0448310293475B900625078 /* Assets.xcassets */,
				B0448312293475B900625078 /* LaunchScreen.storyboard */,
				B0448315293475B900625078 /* Info.plist */,
				B044833929349D5A00625078 /* GalleryController.swift */,
				B044833D2934A1E900625078 /* UPCarouselFlowLayout.swift */,
				B044833F2934A8C400625078 /* TabController.swift */,
			);
			path = Mural;
			sourceTree = "<group>";
		};
		B044831D293475BA00625078 /* MuralTests */ = {
			isa = PBXGroup;
			children = (
				B044831E293475BA00625078 /* MuralTests.swift */,
			);
			path = MuralTests;
			sourceTree = "<group>";
		};
		B0448327293475BA00625078 /* MuralUITests */ = {
			isa = PBXGroup;
			children = (
				B0448328293475BA00625078 /* MuralUITests.swift */,
				B044832A293475BA00625078 /* MuralUITestsLaunchTests.swift */,
			);
			path = MuralUITests;
			sourceTree = "<group>";
		};
		B04483412934AB8F00625078 /* Assets */ = {
			isa = PBXGroup;
			children = (
				B04483422934ABA900625078 /* Screen Shot 2022-11-28 at 12.39.03 AM.png */,
			);
			path = Assets;
			sourceTree = "<group>";
		};
/* End PBXGroup section */

/* Begin PBXNativeTarget section */
		B0448303293475B600625078 /* Mural */ = {
			isa = PBXNativeTarget;
			buildConfigurationList = B044832E293475BA00625078 /* Build configuration list for PBXNativeTarget "Mural" */;
			buildPhases = (
				B0448300293475B600625078 /* Sources */,
				B0448301293475B600625078 /* Frameworks */,
				B0448302293475B600625078 /* Resources */,
			);
			buildRules = (
			);
			dependencies = (
			);
			name = Mural;
			productName = Mural;
			productReference = B0448304293475B600625078 /* Mural.app */;
			productType = "com.apple.product-type.application";
		};
		B0448319293475BA00625078 /* MuralTests */ = {
			isa = PBXNativeTarget;
			buildConfigurationList = B0448331293475BA00625078 /* Build configuration list for PBXNativeTarget "MuralTests" */;
			buildPhases = (
				B0448316293475BA00625078 /* Sources */,
				B0448317293475BA00625078 /* Frameworks */,
				B0448318293475BA00625078 /* Resources */,
			);
			buildRules = (
			);
			dependencies = (
				B044831C293475BA00625078 /* PBXTargetDependency */,
			);
			name = MuralTests;
			productName = MuralTests;
			productReference = B044831A293475BA00625078 /* MuralTests.xctest */;
			productType = "com.apple.product-type.bundle.unit-test";
		};
		B0448323293475BA00625078 /* MuralUITests */ = {
			isa = PBXNativeTarget;
			buildConfigurationList = B0448334293475BA00625078 /* Build configuration list for PBXNativeTarget "MuralUITests" */;
			buildPhases = (
				B0448320293475BA00625078 /* Sources */,
				B0448321293475BA00625078 /* Frameworks */,
				B0448322293475BA00625078 /* Resources */,
			);
			buildRules = (
			);
			dependencies = (
				B0448326293475BA00625078 /* PBXTargetDependency */,
			);
			name = MuralUITests;
			productName = MuralUITests;
			productReference = B0448324293475BA00625078 /* MuralUITests.xctest */;
			productType = "com.apple.product-type.bundle.ui-testing";
		};
/* End PBXNativeTarget section */

/* Begin PBXProject section */
		B04482FC293475B600625078 /* Project object */ = {
			isa = PBXProject;
			attributes = {
				BuildIndependentTargetsInParallel = 1;
				LastSwiftUpdateCheck = 1400;
				LastUpgradeCheck = 1400;
				TargetAttributes = {
					B0448303293475B600625078 = {
						CreatedOnToolsVersion = 14.0.1;
					};
					B0448319293475BA00625078 = {
						CreatedOnToolsVersion = 14.0.1;
						TestTargetID = B0448303293475B600625078;
					};
					B0448323293475BA00625078 = {
						CreatedOnToolsVersion = 14.0.1;
						TestTargetID = B0448303293475B600625078;
					};
				};
			};
			buildConfigurationList = B04482FF293475B600625078 /* Build configuration list for PBXProject "Mural" */;
			compatibilityVersion = "Xcode 14.0";
			developmentRegion = en;
			hasScannedForEncodings = 0;
			knownRegions = (
				en,
				Base,
			);
			mainGroup = B04482FB293475B600625078;
			productRefGroup = B0448305293475B600625078 /* Products */;
			projectDirPath = "";
			projectRoot = "";
			targets = (
				B0448303293475B600625078 /* Mural */,
				B0448319293475BA00625078 /* MuralTests */,
				B0448323293475BA00625078 /* MuralUITests */,
			);
		};
/* End PBXProject section */

/* Begin PBXResourcesBuildPhase section */
		B0448302293475B600625078 /* Resources */ = {
			isa = PBXResourcesBuildPhase;
			buildActionMask = 2147483647;
			files = (
				B0448314293475B900625078 /* LaunchScreen.storyboard in Resources */,
				B0448311293475B900625078 /* Assets.xcassets in Resources */,
				B044830F293475B600625078 /* Main.storyboard in Resources */,
				B04483432934ABA900625078 /* Screen Shot 2022-11-28 at 12.39.03 AM.png in Resources */,
			);
			runOnlyForDeploymentPostprocessing = 0;
		};
		B0448318293475BA00625078 /* Resources */ = {
			isa = PBXResourcesBuildPhase;
			buildActionMask = 2147483647;
			files = (
			);
			runOnlyForDeploymentPostprocessing = 0;
		};
		B0448322293475BA00625078 /* Resources */ = {
			isa = PBXResourcesBuildPhase;
			buildActionMask = 2147483647;
			files = (
			);
			runOnlyForDeploymentPostprocessing = 0;
		};
/* End PBXResourcesBuildPhase section */

/* Begin PBXSourcesBuildPhase section */
		B0448300293475B600625078 /* Sources */ = {
			isa = PBXSourcesBuildPhase;
			buildActionMask = 2147483647;
			files = (
				B044833C29349F4900625078 /* ScreenPreviewView.swift in Sources */,
				B04483402934A8C400625078 /* TabController.swift in Sources */,
				B044833A29349D5A00625078 /* GalleryController.swift in Sources */,
				B044830C293475B600625078 /* HomeController.swift in Sources */,
				B0448308293475B600625078 /* AppDelegate.swift in Sources */,
				B04483382934991500625078 /* DrawingController.swift in Sources */,
				B044830A293475B600625078 /* SceneDelegate.swift in Sources */,
				B044833E2934A1E900625078 /* UPCarouselFlowLayout.swift in Sources */,
			);
			runOnlyForDeploymentPostprocessing = 0;
		};
		B0448316293475BA00625078 /* Sources */ = {
			isa = PBXSourcesBuildPhase;
			buildActionMask = 2147483647;
			files = (
				B044831F293475BA00625078 /* MuralTests.swift in Sources */,
			);
			runOnlyForDeploymentPostprocessing = 0;
		};
		B0448320293475BA00625078 /* Sources */ = {
			isa = PBXSourcesBuildPhase;
			buildActionMask = 2147483647;
			files = (
				B044832B293475BA00625078 /* MuralUITestsLaunchTests.swift in Sources */,
				B0448329293475BA00625078 /* MuralUITests.swift in Sources */,
			);
			runOnlyForDeploymentPostprocessing = 0;
		};
/* End PBXSourcesBuildPhase section */

/* Begin PBXTargetDependency section */
		B044831C293475BA00625078 /* PBXTargetDependency */ = {
			isa = PBXTargetDependency;
			target = B0448303293475B600625078 /* Mural */;
			targetProxy = B044831B293475BA00625078 /* PBXContainerItemProxy */;
		};
		B0448326293475BA00625078 /* PBXTargetDependency */ = {
			isa = PBXTargetDependency;
			target = B0448303293475B600625078 /* Mural */;
			targetProxy = B0448325293475BA00625078 /* PBXContainerItemProxy */;
		};
/* End PBXTargetDependency section */

/* Begin PBXVariantGroup section */
		B044830D293475B600625078 /* Main.storyboard */ = {
			isa = PBXVariantGroup;
			children = (
				B044830E293475B600625078 /* Base */,
			);
			name = Main.storyboard;
			sourceTree = "<group>";
		};
		B0448312293475B900625078 /* LaunchScreen.storyboard */ = {
			isa = PBXVariantGroup;
			children = (
				B0448313293475B900625078 /* Base */,
			);
			name = LaunchScreen.storyboard;
			sourceTree = "<group>";
		};
/* End PBXVariantGroup section */

/* Begin XCBuildConfiguration section */
		B044832C293475BA00625078 /* Debug */ = {
			isa = XCBuildConfiguration;
			buildSettings = {
				ALWAYS_SEARCH_USER_PATHS = NO;
				CLANG_ANALYZER_NONNULL = YES;
				CLANG_ANALYZER_NUMBER_OBJECT_CONVERSION = YES_AGGRESSIVE;
				CLANG_CXX_LANGUAGE_STANDARD = "gnu++20";
				CLANG_ENABLE_MODULES = YES;
				CLANG_ENABLE_OBJC_ARC = YES;
				CLANG_ENABLE_OBJC_WEAK = YES;
				CLANG_WARN_BLOCK_CAPTURE_AUTORELEASING = YES;
				CLANG_WARN_BOOL_CONVERSION = YES;
				CLANG_WARN_COMMA = YES;
				CLANG_WARN_CONSTANT_CONVERSION = YES;
				CLANG_WARN_DEPRECATED_OBJC_IMPLEMENTATIONS = YES;
				CLANG_WARN_DIRECT_OBJC_ISA_USAGE = YES_ERROR;
				CLANG_WARN_DOCUMENTATION_COMMENTS = YES;
				CLANG_WARN_EMPTY_BODY = YES;
				CLANG_WARN_ENUM_CONVERSION = YES;
				CLANG_WARN_INFINITE_RECURSION = YES;
				CLANG_WARN_INT_CONVERSION = YES;
				CLANG_WARN_NON_LITERAL_NULL_CONVERSION = YES;
				CLANG_WARN_OBJC_IMPLICIT_RETAIN_SELF = YES;
				CLANG_WARN_OBJC_LITERAL_CONVERSION = YES;
				CLANG_WARN_OBJC_ROOT_CLASS = YES_ERROR;
				CLANG_WARN_QUOTED_INCLUDE_IN_FRAMEWORK_HEADER = YES;
				CLANG_WARN_RANGE_LOOP_ANALYSIS = YES;
				CLANG_WARN_STRICT_PROTOTYPES = YES;
				CLANG_WARN_SUSPICIOUS_MOVE = YES;
				CLANG_WARN_UNGUARDED_AVAILABILITY = YES_AGGRESSIVE;
				CLANG_WARN_UNREACHABLE_CODE = YES;
				CLANG_WARN__DUPLICATE_METHOD_MATCH = YES;
				COPY_PHASE_STRIP = NO;
				DEBUG_INFORMATION_FORMAT = dwarf;
				ENABLE_STRICT_OBJC_MSGSEND = YES;
				ENABLE_TESTABILITY = YES;
				GCC_C_LANGUAGE_STANDARD = gnu11;
				GCC_DYNAMIC_NO_PIC = NO;
				GCC_NO_COMMON_BLOCKS = YES;
				GCC_OPTIMIZATION_LEVEL = 0;
				GCC_PREPROCESSOR_DEFINITIONS = (
					"DEBUG=1",
					"$(inherited)",
				);
				GCC_WARN_64_TO_32_BIT_CONVERSION = YES;
				GCC_WARN_ABOUT_RETURN_TYPE = YES_ERROR;
				GCC_WARN_UNDECLARED_SELECTOR = YES;
				GCC_WARN_UNINITIALIZED_AUTOS = YES_AGGRESSIVE;
				GCC_WARN_UNUSED_FUNCTION = YES;
				GCC_WARN_UNUSED_VARIABLE = YES;
				IPHONEOS_DEPLOYMENT_TARGET = 16.0;
				MTL_ENABLE_DEBUG_INFO = INCLUDE_SOURCE;
				MTL_FAST_MATH = YES;
				ONLY_ACTIVE_ARCH = YES;
				SDKROOT = iphoneos;
				SWIFT_ACTIVE_COMPILATION_CONDITIONS = DEBUG;
				SWIFT_OPTIMIZATION_LEVEL = "-Onone";
			};
			name = Debug;
		};
		B044832D293475BA00625078 /* Release */ = {
			isa = XCBuildConfiguration;
			buildSettings = {
				ALWAYS_SEARCH_USER_PATHS = NO;
				CLANG_ANALYZER_NONNULL = YES;
				CLANG_ANALYZER_NUMBER_OBJECT_CONVERSION = YES_AGGRESSIVE;
				CLANG_CXX_LANGUAGE_STANDARD = "gnu++20";
				CLANG_ENABLE_MODULES = YES;
				CLANG_ENABLE_OBJC_ARC = YES;
				CLANG_ENABLE_OBJC_WEAK = YES;
				CLANG_WARN_BLOCK_CAPTURE_AUTORELEASING = YES;
				CLANG_WARN_BOOL_CONVERSION = YES;
				CLANG_WARN_COMMA = YES;
				CLANG_WARN_CONSTANT_CONVERSION = YES;
				CLANG_WARN_DEPRECATED_OBJC_IMPLEMENTATIONS = YES;
				CLANG_WARN_DIRECT_OBJC_ISA_USAGE = YES_ERROR;
				CLANG_WARN_DOCUMENTATION_COMMENTS = YES;
				CLANG_WARN_EMPTY_BODY = YES;
				CLANG_WARN_ENUM_CONVERSION = YES;
				CLANG_WARN_INFINITE_RECURSION = YES;
				CLANG_WARN_INT_CONVERSION = YES;
				CLANG_WARN_NON_LITERAL_NULL_CONVERSION = YES;
				CLANG_WARN_OBJC_IMPLICIT_RETAIN_SELF = YES;
				CLANG_WARN_OBJC_LITERAL_CONVERSION = YES;
				CLANG_WARN_OBJC_ROOT_CLASS = YES_ERROR;
				CLANG_WARN_QUOTED_INCLUDE_IN_FRAMEWORK_HEADER = YES;
				CLANG_WARN_RANGE_LOOP_ANALYSIS = YES;
				CLANG_WARN_STRICT_PROTOTYPES = YES;
				CLANG_WARN_SUSPICIOUS_MOVE = YES;
				CLANG_WARN_UNGUARDED_AVAILABILITY = YES_AGGRESSIVE;
				CLANG_WARN_UNREACHABLE_CODE = YES;
				CLANG_WARN__DUPLICATE_METHOD_MATCH = YES;
				COPY_PHASE_STRIP = NO;
				DEBUG_INFORMATION_FORMAT = "dwarf-with-dsym";
				ENABLE_NS_ASSERTIONS = NO;
				ENABLE_STRICT_OBJC_MSGSEND = YES;
				GCC_C_LANGUAGE_STANDARD = gnu11;
				GCC_NO_COMMON_BLOCKS = YES;
				GCC_WARN_64_TO_32_BIT_CONVERSION = YES;
				GCC_WARN_ABOUT_RETURN_TYPE = YES_ERROR;
				GCC_WARN_UNDECLARED_SELECTOR = YES;
				GCC_WARN_UNINITIALIZED_AUTOS = YES_AGGRESSIVE;
				GCC_WARN_UNUSED_FUNCTION = YES;
				GCC_WARN_UNUSED_VARIABLE = YES;
				IPHONEOS_DEPLOYMENT_TARGET = 16.0;
				MTL_ENABLE_DEBUG_INFO = NO;
				MTL_FAST_MATH = YES;
				SDKROOT = iphoneos;
				SWIFT_COMPILATION_MODE = wholemodule;
				SWIFT_OPTIMIZATION_LEVEL = "-O";
				VALIDATE_PRODUCT = YES;
			};
			name = Release;
		};
		B044832F293475BA00625078 /* Debug */ = {
			isa = XCBuildConfiguration;
			buildSettings = {
				ASSETCATALOG_COMPILER_APPICON_NAME = AppIcon;
				ASSETCATALOG_COMPILER_GLOBAL_ACCENT_COLOR_NAME = AccentColor;
				CODE_SIGN_STYLE = Automatic;
				CURRENT_PROJECT_VERSION = 1;
				DEVELOPMENT_TEAM = 979597554C;
				GENERATE_INFOPLIST_FILE = YES;
				INFOPLIST_FILE = Mural/Info.plist;
				INFOPLIST_KEY_UIApplicationSupportsIndirectInputEvents = YES;
				INFOPLIST_KEY_UILaunchStoryboardName = LaunchScreen;
				INFOPLIST_KEY_UIMainStoryboardFile = Main;
				INFOPLIST_KEY_UISupportedInterfaceOrientations_iPad = "UIInterfaceOrientationPortrait UIInterfaceOrientationPortraitUpsideDown UIInterfaceOrientationLandscapeLeft UIInterfaceOrientationLandscapeRight";
				INFOPLIST_KEY_UISupportedInterfaceOrientations_iPhone = "UIInterfaceOrientationPortrait UIInterfaceOrientationLandscapeLeft UIInterfaceOrientationLandscapeRight";
				LD_RUNPATH_SEARCH_PATHS = (
					"$(inherited)",
					"@executable_path/Frameworks",
				);
				MARKETING_VERSION = 1.0;
				PRODUCT_BUNDLE_IDENTIFIER = mdb.Mural;
				PRODUCT_NAME = "$(TARGET_NAME)";
				SWIFT_EMIT_LOC_STRINGS = YES;
				SWIFT_VERSION = 5.0;
				TARGETED_DEVICE_FAMILY = "1,2";
			};
			name = Debug;
		};
		B0448330293475BA00625078 /* Release */ = {
			isa = XCBuildConfiguration;
			buildSettings = {
				ASSETCATALOG_COMPILER_APPICON_NAME = AppIcon;
				ASSETCATALOG_COMPILER_GLOBAL_ACCENT_COLOR_NAME = AccentColor;
				CODE_SIGN_STYLE = Automatic;
				CURRENT_PROJECT_VERSION = 1;
				DEVELOPMENT_TEAM = 979597554C;
				GENERATE_INFOPLIST_FILE = YES;
				INFOPLIST_FILE = Mural/Info.plist;
				INFOPLIST_KEY_UIApplicationSupportsIndirectInputEvents = YES;
				INFOPLIST_KEY_UILaunchStoryboardName = LaunchScreen;
				INFOPLIST_KEY_UIMainStoryboardFile = Main;
				INFOPLIST_KEY_UISupportedInterfaceOrientations_iPad = "UIInterfaceOrientationPortrait UIInterfaceOrientationPortraitUpsideDown UIInterfaceOrientationLandscapeLeft UIInterfaceOrientationLandscapeRight";
				INFOPLIST_KEY_UISupportedInterfaceOrientations_iPhone = "UIInterfaceOrientationPortrait UIInterfaceOrientationLandscapeLeft UIInterfaceOrientationLandscapeRight";
				LD_RUNPATH_SEARCH_PATHS = (
					"$(inherited)",
					"@executable_path/Frameworks",
				);
				MARKETING_VERSION = 1.0;
				PRODUCT_BUNDLE_IDENTIFIER = mdb.Mural;
				PRODUCT_NAME = "$(TARGET_NAME)";
				SWIFT_EMIT_LOC_STRINGS = YES;
				SWIFT_VERSION = 5.0;
				TARGETED_DEVICE_FAMILY = "1,2";
			};
			name = Release;
		};
		B0448332293475BA00625078 /* Debug */ = {
			isa = XCBuildConfiguration;
			buildSettings = {
				ALWAYS_EMBED_SWIFT_STANDARD_LIBRARIES = YES;
				BUNDLE_LOADER = "$(TEST_HOST)";
				CODE_SIGN_STYLE = Automatic;
				CURRENT_PROJECT_VERSION = 1;
				DEVELOPMENT_TEAM = 979597554C;
				GENERATE_INFOPLIST_FILE = YES;
				IPHONEOS_DEPLOYMENT_TARGET = 16.0;
				MARKETING_VERSION = 1.0;
				PRODUCT_BUNDLE_IDENTIFIER = mdb.MuralTests;
				PRODUCT_NAME = "$(TARGET_NAME)";
				SWIFT_EMIT_LOC_STRINGS = NO;
				SWIFT_VERSION = 5.0;
				TARGETED_DEVICE_FAMILY = "1,2";
				TEST_HOST = "$(BUILT_PRODUCTS_DIR)/Mural.app/$(BUNDLE_EXECUTABLE_FOLDER_PATH)/Mural";
			};
			name = Debug;
		};
		B0448333293475BA00625078 /* Release */ = {
			isa = XCBuildConfiguration;
			buildSettings = {
				ALWAYS_EMBED_SWIFT_STANDARD_LIBRARIES = YES;
				BUNDLE_LOADER = "$(TEST_HOST)";
				CODE_SIGN_STYLE = Automatic;
				CURRENT_PROJECT_VERSION = 1;
				DEVELOPMENT_TEAM = 979597554C;
				GENERATE_INFOPLIST_FILE = YES;
				IPHONEOS_DEPLOYMENT_TARGET = 16.0;
				MARKETING_VERSION = 1.0;
				PRODUCT_BUNDLE_IDENTIFIER = mdb.MuralTests;
				PRODUCT_NAME = "$(TARGET_NAME)";
				SWIFT_EMIT_LOC_STRINGS = NO;
				SWIFT_VERSION = 5.0;
				TARGETED_DEVICE_FAMILY = "1,2";
				TEST_HOST = "$(BUILT_PRODUCTS_DIR)/Mural.app/$(BUNDLE_EXECUTABLE_FOLDER_PATH)/Mural";
			};
			name = Release;
		};
		B0448335293475BA00625078 /* Debug */ = {
			isa = XCBuildConfiguration;
			buildSettings = {
				ALWAYS_EMBED_SWIFT_STANDARD_LIBRARIES = YES;
				CODE_SIGN_STYLE = Automatic;
				CURRENT_PROJECT_VERSION = 1;
				DEVELOPMENT_TEAM = 979597554C;
				GENERATE_INFOPLIST_FILE = YES;
				MARKETING_VERSION = 1.0;
				PRODUCT_BUNDLE_IDENTIFIER = mdb.MuralUITests;
				PRODUCT_NAME = "$(TARGET_NAME)";
				SWIFT_EMIT_LOC_STRINGS = NO;
				SWIFT_VERSION = 5.0;
				TARGETED_DEVICE_FAMILY = "1,2";
				TEST_TARGET_NAME = Mural;
			};
			name = Debug;
		};
		B0448336293475BA00625078 /* Release */ = {
			isa = XCBuildConfiguration;
			buildSettings = {
				ALWAYS_EMBED_SWIFT_STANDARD_LIBRARIES = YES;
				CODE_SIGN_STYLE = Automatic;
				CURRENT_PROJECT_VERSION = 1;
				DEVELOPMENT_TEAM = 979597554C;
				GENERATE_INFOPLIST_FILE = YES;
				MARKETING_VERSION = 1.0;
				PRODUCT_BUNDLE_IDENTIFIER = mdb.MuralUITests;
				PRODUCT_NAME = "$(TARGET_NAME)";
				SWIFT_EMIT_LOC_STRINGS = NO;
				SWIFT_VERSION = 5.0;
				TARGETED_DEVICE_FAMILY = "1,2";
				TEST_TARGET_NAME = Mural;
			};
			name = Release;
		};
/* End XCBuildConfiguration section */

/* Begin XCConfigurationList section */
		B04482FF293475B600625078 /* Build configuration list for PBXProject "Mural" */ = {
			isa = XCConfigurationList;
			buildConfigurations = (
				B044832C293475BA00625078 /* Debug */,
				B044832D293475BA00625078 /* Release */,
			);
			defaultConfigurationIsVisible = 0;
			defaultConfigurationName = Release;
		};
		B044832E293475BA00625078 /* Build configuration list for PBXNativeTarget "Mural" */ = {
			isa = XCConfigurationList;
			buildConfigurations = (
				B044832F293475BA00625078 /* Debug */,
				B0448330293475BA00625078 /* Release */,
			);
			defaultConfigurationIsVisible = 0;
			defaultConfigurationName = Release;
		};
		B0448331293475BA00625078 /* Build configuration list for PBXNativeTarget "MuralTests" */ = {
			isa = XCConfigurationList;
			buildConfigurations = (
				B0448332293475BA00625078 /* Debug */,
				B0448333293475BA00625078 /* Release */,
			);
			defaultConfigurationIsVisible = 0;
			defaultConfigurationName = Release;
		};
		B0448334293475BA00625078 /* Build configuration list for PBXNativeTarget "MuralUITests" */ = {
			isa = XCConfigurationList;
			buildConfigurations = (
				B0448335293475BA00625078 /* Debug */,
				B0448336293475BA00625078 /* Release */,
			);
			defaultConfigurationIsVisible = 0;
			defaultConfigurationName = Release;
		};
/* End XCConfigurationList section */
	};
	rootObject = B04482FC293475B600625078 /* Project object */;
}
